# This file is automatically @generated by Cargo.
# It is not intended for manual editing.
version = 4

[[package]]
name = "ail-cli"
version = "0.1.0"

[[package]]
name = "ail-compiler"
version = "0.1.0"

[[package]]
name = "ail-contract"
version = "0.1.0"

[[package]]
name = "ail-graph"
version = "0.1.0"

[[package]]
name = "ail-text"
version = "0.1.0"

[[package]]
name = "ail-types"
version = "0.1.0"

[[package]]
name = "ail-vm"
version = "0.1.0"
